
Microsoft Visual Studio Solution File, Format Version 12.00
# Visual Studio Version 16
VisualStudioVersion = 16.0.29324.140
MinimumVisualStudioVersion = 10.0.40219.1
Project("{9A19103F-16F7-4668-BE54-9A1E7A4F7556}") = "API", "API\API.csproj", "{4CA2B8F4-9D6D-460A-99D6-90A801F96635}"
EndProject
Project("{9A19103F-16F7-4668-BE54-9A1E7A4F7556}") = "Tests", "Tests\Tests.csproj", "{EB731692-5396-4423-8A95-3EF54A1CEC66}"
EndProject
Project("{FAE04EC0-301F-11D3-BF4B-00C04F79EFBC}") = "Integration", "Integration\Integration.csproj", "{CBE7CF66-2A37-4BD6-AC3B-F8A23C117574}"
EndProject
Global
	GlobalSection(SolutionConfigurationPlatforms) = preSolution
		Debug|Any CPU = Debug|Any CPU
		Release|Any CPU = Release|Any CPU
	EndGlobalSection
	GlobalSection(ProjectConfigurationPlatforms) = postSolution
		{4CA2B8F4-9D6D-460A-99D6-90A801F96635}.Debug|Any CPU.ActiveCfg = Debug|Any CPU
		{4CA2B8F4-9D6D-460A-99D6-90A801F96635}.Debug|Any CPU.Build.0 = Debug|Any CPU
		{4CA2B8F4-9D6D-460A-99D6-90A801F96635}.Release|Any CPU.ActiveCfg = Release|Any CPU
		{4CA2B8F4-9D6D-460A-99D6-90A801F96635}.Release|Any CPU.Build.0 = Release|Any CPU
		{EB731692-5396-4423-8A95-3EF54A1CEC66}.Debug|Any CPU.ActiveCfg = Debug|Any CPU
		{EB731692-5396-4423-8A95-3EF54A1CEC66}.Debug|Any CPU.Build.0 = Debug|Any CPU
		{EB731692-5396-4423-8A95-3EF54A1CEC66}.Release|Any CPU.ActiveCfg = Release|Any CPU
		{EB731692-5396-4423-8A95-3EF54A1CEC66}.Release|Any CPU.Build.0 = Release|Any CPU
		{CBE7CF66-2A37-4BD6-AC3B-F8A23C117574}.Debug|Any CPU.ActiveCfg = Debug|Any CPU
		{CBE7CF66-2A37-4BD6-AC3B-F8A23C117574}.Debug|Any CPU.Build.0 = Debug|Any CPU
		{CBE7CF66-2A37-4BD6-AC3B-F8A23C117574}.Release|Any CPU.ActiveCfg = Release|Any CPU
		{CBE7CF66-2A37-4BD6-AC3B-F8A23C117574}.Release|Any CPU.Build.0 = Release|Any CPU
	EndGlobalSection
	GlobalSection(SolutionProperties) = preSolution
		HideSolutionNode = FALSE
	EndGlobalSection
	GlobalSection(ExtensibilityGlobals) = postSolution
		SolutionGuid = {5769D92A-17C3-488F-B86B-F3EAE2A07CE8}
	EndGlobalSection
EndGlobal
